// !$*UTF8*$!
{
	archiveVersion = 1;
	classes = {
	};
	objectVersion = 55;
	objects = {

/* Begin PBXBuildFile section */
		0252A68829994554007ABCF5 /* NewNoteVC.swift in Sources */ = {isa = PBXBuildFile; fileRef = 0252A68729994554007ABCF5 /* NewNoteVC.swift */; };
		0252A68A299A2A4F007ABCF5 /* CoreDataService.swift in Sources */ = {isa = PBXBuildFile; fileRef = 0252A689299A2A4F007ABCF5 /* CoreDataService.swift */; };
		0252A68C299A490F007ABCF5 /* DataManager.swift in Sources */ = {isa = PBXBuildFile; fileRef = 0252A68B299A490F007ABCF5 /* DataManager.swift */; };
		0252A68E299BAD99007ABCF5 /* NoteCell.swift in Sources */ = {isa = PBXBuildFile; fileRef = 0252A68D299BAD99007ABCF5 /* NoteCell.swift */; };
		025B776B2987D88C00E04E01 /* DetailVC.swift in Sources */ = {isa = PBXBuildFile; fileRef = 025B776A2987D88C00E04E01 /* DetailVC.swift */; };
		0267D86F2993A3BE00BD198E /* NoteEntity+CoreDataClass.swift in Sources */ = {isa = PBXBuildFile; fileRef = 0267D86D2993A3BE00BD198E /* NoteEntity+CoreDataClass.swift */; };
		0267D8702993A3BE00BD198E /* NoteEntity+CoreDataProperties.swift in Sources */ = {isa = PBXBuildFile; fileRef = 0267D86E2993A3BE00BD198E /* NoteEntity+CoreDataProperties.swift */; };
		02DD9ADE29851F10004A7C74 /* AppDelegate.swift in Sources */ = {isa = PBXBuildFile; fileRef = 02DD9ADD29851F10004A7C74 /* AppDelegate.swift */; };
		02DD9AE029851F10004A7C74 /* SceneDelegate.swift in Sources */ = {isa = PBXBuildFile; fileRef = 02DD9ADF29851F10004A7C74 /* SceneDelegate.swift */; };
		02DD9AE229851F10004A7C74 /* ListNotesVC.swift in Sources */ = {isa = PBXBuildFile; fileRef = 02DD9AE129851F10004A7C74 /* ListNotesVC.swift */; };
		02DD9AE829851F10004A7C74 /* NotesApp.xcdatamodeld in Sources */ = {isa = PBXBuildFile; fileRef = 02DD9AE629851F10004A7C74 /* NotesApp.xcdatamodeld */; };
		02DD9AEA29851F12004A7C74 /* Assets.xcassets in Resources */ = {isa = PBXBuildFile; fileRef = 02DD9AE929851F12004A7C74 /* Assets.xcassets */; };
		02DD9AED29851F12004A7C74 /* LaunchScreen.storyboard in Resources */ = {isa = PBXBuildFile; fileRef = 02DD9AEB29851F12004A7C74 /* LaunchScreen.storyboard */; };
		02DD9AF6298523E8004A7C74 /* SnapKit in Frameworks */ = {isa = PBXBuildFile; productRef = 02DD9AF5298523E8004A7C74 /* SnapKit */; };
/* End PBXBuildFile section */

/* Begin PBXFileReference section */
		0252A68729994554007ABCF5 /* NewNoteVC.swift */ = {isa = PBXFileReference; lastKnownFileType = sourcecode.swift; path = NewNoteVC.swift; sourceTree = "<group>"; };
		0252A689299A2A4F007ABCF5 /* CoreDataService.swift */ = {isa = PBXFileReference; lastKnownFileType = sourcecode.swift; path = CoreDataService.swift; sourceTree = "<group>"; };
		0252A68B299A490F007ABCF5 /* DataManager.swift */ = {isa = PBXFileReference; lastKnownFileType = sourcecode.swift; path = DataManager.swift; sourceTree = "<group>"; };
		0252A68D299BAD99007ABCF5 /* NoteCell.swift */ = {isa = PBXFileReference; lastKnownFileType = sourcecode.swift; path = NoteCell.swift; sourceTree = "<group>"; };
		025B776A2987D88C00E04E01 /* DetailVC.swift */ = {isa = PBXFileReference; lastKnownFileType = sourcecode.swift; path = DetailVC.swift; sourceTree = "<group>"; };
		0267D86D2993A3BE00BD198E /* NoteEntity+CoreDataClass.swift */ = {isa = PBXFileReference; lastKnownFileType = sourcecode.swift; path = "NoteEntity+CoreDataClass.swift"; sourceTree = "<group>"; };
		0267D86E2993A3BE00BD198E /* NoteEntity+CoreDataProperties.swift */ = {isa = PBXFileReference; lastKnownFileType = sourcecode.swift; path = "NoteEntity+CoreDataProperties.swift"; sourceTree = "<group>"; };
		02DD9ADA29851F10004A7C74 /* NotesApp.app */ = {isa = PBXFileReference; explicitFileType = wrapper.application; includeInIndex = 0; path = NotesApp.app; sourceTree = BUILT_PRODUCTS_DIR; };
		02DD9ADD29851F10004A7C74 /* AppDelegate.swift */ = {isa = PBXFileReference; lastKnownFileType = sourcecode.swift; path = AppDelegate.swift; sourceTree = "<group>"; };
		02DD9ADF29851F10004A7C74 /* SceneDelegate.swift */ = {isa = PBXFileReference; lastKnownFileType = sourcecode.swift; path = SceneDelegate.swift; sourceTree = "<group>"; };
		02DD9AE129851F10004A7C74 /* ListNotesVC.swift */ = {isa = PBXFileReference; lastKnownFileType = sourcecode.swift; path = ListNotesVC.swift; sourceTree = "<group>"; };
		02DD9AE729851F10004A7C74 /* NotesApp.xcdatamodel */ = {isa = PBXFileReference; lastKnownFileType = wrapper.xcdatamodel; path = NotesApp.xcdatamodel; sourceTree = "<group>"; };
		02DD9AE929851F12004A7C74 /* Assets.xcassets */ = {isa = PBXFileReference; lastKnownFileType = folder.assetcatalog; path = Assets.xcassets; sourceTree = "<group>"; };
		02DD9AEC29851F12004A7C74 /* Base */ = {isa = PBXFileReference; lastKnownFileType = file.storyboard; name = Base; path = Base.lproj/LaunchScreen.storyboard; sourceTree = "<group>"; };
		02DD9AEE29851F12004A7C74 /* Info.plist */ = {isa = PBXFileReference; lastKnownFileType = text.plist.xml; path = Info.plist; sourceTree = "<group>"; };
/* End PBXFileReference section */

/* Begin PBXFrameworksBuildPhase section */
		02DD9AD729851F10004A7C74 /* Frameworks */ = {
			isa = PBXFrameworksBuildPhase;
			buildActionMask = 2147483647;
			files = (
				02DD9AF6298523E8004A7C74 /* SnapKit in Frameworks */,
			);
			runOnlyForDeploymentPostprocessing = 0;
		};
/* End PBXFrameworksBuildPhase section */

/* Begin PBXGroup section */
		027A27CA298E6FB60053CF4D /* CoreDataModel */ = {
			isa = PBXGroup;
			children = (
				0267D86D2993A3BE00BD198E /* NoteEntity+CoreDataClass.swift */,
				0267D86E2993A3BE00BD198E /* NoteEntity+CoreDataProperties.swift */,
			);
			path = CoreDataModel;
			sourceTree = "<group>";
		};
		02DD9AD129851F10004A7C74 = {
			isa = PBXGroup;
			children = (
				02DD9ADC29851F10004A7C74 /* NotesApp */,
				02DD9ADB29851F10004A7C74 /* Products */,
			);
			sourceTree = "<group>";
		};
		02DD9ADB29851F10004A7C74 /* Products */ = {
			isa = PBXGroup;
			children = (
				02DD9ADA29851F10004A7C74 /* NotesApp.app */,
			);
			name = Products;
			sourceTree = "<group>";
		};
		02DD9ADC29851F10004A7C74 /* NotesApp */ = {
			isa = PBXGroup;
			children = (
				027A27CA298E6FB60053CF4D /* CoreDataModel */,
				02DD9ADD29851F10004A7C74 /* AppDelegate.swift */,
				02DD9ADF29851F10004A7C74 /* SceneDelegate.swift */,
				02DD9AE129851F10004A7C74 /* ListNotesVC.swift */,
				025B776A2987D88C00E04E01 /* DetailVC.swift */,
				0252A68729994554007ABCF5 /* NewNoteVC.swift */,
				0252A68D299BAD99007ABCF5 /* NoteCell.swift */,
				0252A68B299A490F007ABCF5 /* DataManager.swift */,
				0252A689299A2A4F007ABCF5 /* CoreDataService.swift */,
				02DD9AE929851F12004A7C74 /* Assets.xcassets */,
				02DD9AEB29851F12004A7C74 /* LaunchScreen.storyboard */,
				02DD9AEE29851F12004A7C74 /* Info.plist */,
				02DD9AE629851F10004A7C74 /* NotesApp.xcdatamodeld */,
			);
			path = NotesApp;
			sourceTree = "<group>";
		};
/* End PBXGroup section */

/* Begin PBXNativeTarget section */
		02DD9AD929851F10004A7C74 /* NotesApp */ = {
			isa = PBXNativeTarget;
			buildConfigurationList = 02DD9AF129851F12004A7C74 /* Build configuration list for PBXNativeTarget "NotesApp" */;
			buildPhases = (
				02DD9AD629851F10004A7C74 /* Sources */,
				02DD9AD729851F10004A7C74 /* Frameworks */,
				02DD9AD829851F10004A7C74 /* Resources */,
			);
			buildRules = (
			);
			dependencies = (
			);
			name = NotesApp;
			packageProductDependencies = (
				02DD9AF5298523E8004A7C74 /* SnapKit */,
			);
			productName = NotesApp;
			productReference = 02DD9ADA29851F10004A7C74 /* NotesApp.app */;
			productType = "com.apple.product-type.application";
		};
/* End PBXNativeTarget section */

/* Begin PBXProject section */
		02DD9AD229851F10004A7C74 /* Project object */ = {
			isa = PBXProject;
			attributes = {
				BuildIndependentTargetsInParallel = 1;
				LastSwiftUpdateCheck = 1320;
				LastUpgradeCheck = 1320;
				TargetAttributes = {
					02DD9AD929851F10004A7C74 = {
						CreatedOnToolsVersion = 13.2.1;
					};
				};
			};
			buildConfigurationList = 02DD9AD529851F10004A7C74 /* Build configuration list for PBXProject "NotesApp" */;
			compatibilityVersion = "Xcode 13.0";
			developmentRegion = en;
			hasScannedForEncodings = 0;
			knownRegions = (
				en,
				Base,
			);
			mainGroup = 02DD9AD129851F10004A7C74;
			packageReferences = (
				02DD9AF4298523E8004A7C74 /* XCRemoteSwiftPackageReference "SnapKit" */,
			);
			productRefGroup = 02DD9ADB29851F10004A7C74 /* Products */;
			projectDirPath = "";
			projectRoot = "";
			targets = (
				02DD9AD929851F10004A7C74 /* NotesApp */,
			);
		};
/* End PBXProject section */

/* Begin PBXResourcesBuildPhase section */
		02DD9AD829851F10004A7C74 /* Resources */ = {
			isa = PBXResourcesBuildPhase;
			buildActionMask = 2147483647;
			files = (
				02DD9AED29851F12004A7C74 /* LaunchScreen.storyboard in Resources */,
				02DD9AEA29851F12004A7C74 /* Assets.xcassets in Resources */,
			);
			runOnlyForDeploymentPostprocessing = 0;
		};
/* End PBXResourcesBuildPhase section */

/* Begin PBXSourcesBuildPhase section */
		02DD9AD629851F10004A7C74 /* Sources */ = {
			isa = PBXSourcesBuildPhase;
			buildActionMask = 2147483647;
			files = (
				0267D86F2993A3BE00BD198E /* NoteEntity+CoreDataClass.swift in Sources */,
				0252A68C299A490F007ABCF5 /* DataManager.swift in Sources */,
				0252A68E299BAD99007ABCF5 /* NoteCell.swift in Sources */,
				02DD9AE229851F10004A7C74 /* ListNotesVC.swift in Sources */,
				02DD9ADE29851F10004A7C74 /* AppDelegate.swift in Sources */,
				0252A68829994554007ABCF5 /* NewNoteVC.swift in Sources */,
				02DD9AE029851F10004A7C74 /* SceneDelegate.swift in Sources */,
				0267D8702993A3BE00BD198E /* NoteEntity+CoreDataProperties.swift in Sources */,
				0252A68A299A2A4F007ABCF5 /* CoreDataService.swift in Sources */,
				02DD9AE829851F10004A7C74 /* NotesApp.xcdatamodeld in Sources */,
				025B776B2987D88C00E04E01 /* DetailVC.swift in Sources */,
			);
			runOnlyForDeploymentPostprocessing = 0;
		};
/* End PBXSourcesBuildPhase section */

/* Begin PBXVariantGroup section */
		02DD9AEB29851F12004A7C74 /* LaunchScreen.storyboard */ = {
			isa = PBXVariantGroup;
			children = (
				02DD9AEC29851F12004A7C74 /* Base */,
			);
			name = LaunchScreen.storyboard;
			sourceTree = "<group>";
		};
/* End PBXVariantGroup section */

/* Begin XCBuildConfiguration section */
		02DD9AEF29851F12004A7C74 /* Debug */ = {
			isa = XCBuildConfiguration;
			buildSettings = {
				ALWAYS_SEARCH_USER_PATHS = NO;
				CLANG_ANALYZER_NONNULL = YES;
				CLANG_ANALYZER_NUMBER_OBJECT_CONVERSION = YES_AGGRESSIVE;
				CLANG_CXX_LANGUAGE_STANDARD = "gnu++17";
				CLANG_CXX_LIBRARY = "libc++";
				CLANG_ENABLE_MODULES = YES;
				CLANG_ENABLE_OBJC_ARC = YES;
				CLANG_ENABLE_OBJC_WEAK = YES;
				CLANG_WARN_BLOCK_CAPTURE_AUTORELEASING = YES;
				CLANG_WARN_BOOL_CONVERSION = YES;
				CLANG_WARN_COMMA = YES;
				CLANG_WARN_CONSTANT_CONVERSION = YES;
				CLANG_WARN_DEPRECATED_OBJC_IMPLEMENTATIONS = YES;
				CLANG_WARN_DIRECT_OBJC_ISA_USAGE = YES_ERROR;
				CLANG_WARN_DOCUMENTATION_COMMENTS = YES;
				CLANG_WARN_EMPTY_BODY = YES;
				CLANG_WARN_ENUM_CONVERSION = YES;
				CLANG_WARN_INFINITE_RECURSION = YES;
				CLANG_WARN_INT_CONVERSION = YES;
				CLANG_WARN_NON_LITERAL_NULL_CONVERSION = YES;
				CLANG_WARN_OBJC_IMPLICIT_RETAIN_SELF = YES;
				CLANG_WARN_OBJC_LITERAL_CONVERSION = YES;
				CLANG_WARN_OBJC_ROOT_CLASS = YES_ERROR;
				CLANG_WARN_QUOTED_INCLUDE_IN_FRAMEWORK_HEADER = YES;
				CLANG_WARN_RANGE_LOOP_ANALYSIS = YES;
				CLANG_WARN_STRICT_PROTOTYPES = YES;
				CLANG_WARN_SUSPICIOUS_MOVE = YES;
				CLANG_WARN_UNGUARDED_AVAILABILITY = YES_AGGRESSIVE;
				CLANG_WARN_UNREACHABLE_CODE = YES;
				CLANG_WARN__DUPLICATE_METHOD_MATCH = YES;
				COPY_PHASE_STRIP = NO;
				DEBUG_INFORMATION_FORMAT = dwarf;
				ENABLE_STRICT_OBJC_MSGSEND = YES;
				ENABLE_TESTABILITY = YES;
				GCC_C_LANGUAGE_STANDARD = gnu11;
				GCC_DYNAMIC_NO_PIC = NO;
				GCC_NO_COMMON_BLOCKS = YES;
				GCC_OPTIMIZATION_LEVEL = 0;
				GCC_PREPROCESSOR_DEFINITIONS = (
					"DEBUG=1",
					"$(inherited)",
				);
				GCC_WARN_64_TO_32_BIT_CONVERSION = YES;
				GCC_WARN_ABOUT_RETURN_TYPE = YES_ERROR;
				GCC_WARN_UNDECLARED_SELECTOR = YES;
				GCC_WARN_UNINITIALIZED_AUTOS = YES_AGGRESSIVE;
				GCC_WARN_UNUSED_FUNCTION = YES;
				GCC_WARN_UNUSED_VARIABLE = YES;
				IPHONEOS_DEPLOYMENT_TARGET = 15.2;
				MTL_ENABLE_DEBUG_INFO = INCLUDE_SOURCE;
				MTL_FAST_MATH = YES;
				ONLY_ACTIVE_ARCH = YES;
				SDKROOT = iphoneos;
				SWIFT_ACTIVE_COMPILATION_CONDITIONS = DEBUG;
				SWIFT_OPTIMIZATION_LEVEL = "-Onone";
			};
			name = Debug;
		};
		02DD9AF029851F12004A7C74 /* Release */ = {
			isa = XCBuildConfiguration;
			buildSettings = {
				ALWAYS_SEARCH_USER_PATHS = NO;
				CLANG_ANALYZER_NONNULL = YES;
				CLANG_ANALYZER_NUMBER_OBJECT_CONVERSION = YES_AGGRESSIVE;
				CLANG_CXX_LANGUAGE_STANDARD = "gnu++17";
				CLANG_CXX_LIBRARY = "libc++";
				CLANG_ENABLE_MODULES = YES;
				CLANG_ENABLE_OBJC_ARC = YES;
				CLANG_ENABLE_OBJC_WEAK = YES;
				CLANG_WARN_BLOCK_CAPTURE_AUTORELEASING = YES;
				CLANG_WARN_BOOL_CONVERSION = YES;
				CLANG_WARN_COMMA = YES;
				CLANG_WARN_CONSTANT_CONVERSION = YES;
				CLANG_WARN_DEPRECATED_OBJC_IMPLEMENTATIONS = YES;
				CLANG_WARN_DIRECT_OBJC_ISA_USAGE = YES_ERROR;
				CLANG_WARN_DOCUMENTATION_COMMENTS = YES;
				CLANG_WARN_EMPTY_BODY = YES;
				CLANG_WARN_ENUM_CONVERSION = YES;
				CLANG_WARN_INFINITE_RECURSION = YES;
				CLANG_WARN_INT_CONVERSION = YES;
				CLANG_WARN_NON_LITERAL_NULL_CONVERSION = YES;
				CLANG_WARN_OBJC_IMPLICIT_RETAIN_SELF = YES;
				CLANG_WARN_OBJC_LITERAL_CONVERSION = YES;
				CLANG_WARN_OBJC_ROOT_CLASS = YES_ERROR;
				CLANG_WARN_QUOTED_INCLUDE_IN_FRAMEWORK_HEADER = YES;
				CLANG_WARN_RANGE_LOOP_ANALYSIS = YES;
				CLANG_WARN_STRICT_PROTOTYPES = YES;
				CLANG_WARN_SUSPICIOUS_MOVE = YES;
				CLANG_WARN_UNGUARDED_AVAILABILITY = YES_AGGRESSIVE;
				CLANG_WARN_UNREACHABLE_CODE = YES;
				CLANG_WARN__DUPLICATE_METHOD_MATCH = YES;
				COPY_PHASE_STRIP = NO;
				DEBUG_INFORMATION_FORMAT = "dwarf-with-dsym";
				ENABLE_NS_ASSERTIONS = NO;
				ENABLE_STRICT_OBJC_MSGSEND = YES;
				GCC_C_LANGUAGE_STANDARD = gnu11;
				GCC_NO_COMMON_BLOCKS = YES;
				GCC_WARN_64_TO_32_BIT_CONVERSION = YES;
				GCC_WARN_ABOUT_RETURN_TYPE = YES_ERROR;
				GCC_WARN_UNDECLARED_SELECTOR = YES;
				GCC_WARN_UNINITIALIZED_AUTOS = YES_AGGRESSIVE;
				GCC_WARN_UNUSED_FUNCTION = YES;
				GCC_WARN_UNUSED_VARIABLE = YES;
				IPHONEOS_DEPLOYMENT_TARGET = 15.2;
				MTL_ENABLE_DEBUG_INFO = NO;
				MTL_FAST_MATH = YES;
				SDKROOT = iphoneos;
				SWIFT_COMPILATION_MODE = wholemodule;
				SWIFT_OPTIMIZATION_LEVEL = "-O";
				VALIDATE_PRODUCT = YES;
			};
			name = Release;
		};
		02DD9AF229851F12004A7C74 /* Debug */ = {
			isa = XCBuildConfiguration;
			buildSettings = {
				ASSETCATALOG_COMPILER_APPICON_NAME = AppIcon;
				ASSETCATALOG_COMPILER_GLOBAL_ACCENT_COLOR_NAME = AccentColor;
				CODE_SIGN_STYLE = Automatic;
				CURRENT_PROJECT_VERSION = 1;
				DEVELOPMENT_TEAM = N7HR4QS9PC;
				GENERATE_INFOPLIST_FILE = YES;
				INFOPLIST_FILE = NotesApp/Info.plist;
				INFOPLIST_KEY_UIApplicationSupportsIndirectInputEvents = YES;
				INFOPLIST_KEY_UILaunchStoryboardName = LaunchScreen;
				INFOPLIST_KEY_UISupportedInterfaceOrientations_iPad = "UIInterfaceOrientationPortrait UIInterfaceOrientationPortraitUpsideDown UIInterfaceOrientationLandscapeLeft UIInterfaceOrientationLandscapeRight";
				INFOPLIST_KEY_UISupportedInterfaceOrientations_iPhone = "UIInterfaceOrientationPortrait UIInterfaceOrientationLandscapeLeft UIInterfaceOrientationLandscapeRight";
				LD_RUNPATH_SEARCH_PATHS = (
					"$(inherited)",
					"@executable_path/Frameworks",
				);
				MARKETING_VERSION = 1.0;
				PRODUCT_BUNDLE_IDENTIFIER = "com.-BaisangurOzdoev.NotesApp";
				PRODUCT_NAME = "$(TARGET_NAME)";
				SWIFT_EMIT_LOC_STRINGS = YES;
				SWIFT_VERSION = 5.0;
				TARGETED_DEVICE_FAMILY = "1,2";
			};
			name = Debug;
		};
		02DD9AF329851F12004A7C74 /* Release */ = {
			isa = XCBuildConfiguration;
			buildSettings = {
				ASSETCATALOG_COMPILER_APPICON_NAME = AppIcon;
				ASSETCATALOG_COMPILER_GLOBAL_ACCENT_COLOR_NAME = AccentColor;
				CODE_SIGN_STYLE = Automatic;
				CURRENT_PROJECT_VERSION = 1;
				DEVELOPMENT_TEAM = N7HR4QS9PC;
				GENERATE_INFOPLIST_FILE = YES;
				INFOPLIST_FILE = NotesApp/Info.plist;
				INFOPLIST_KEY_UIApplicationSupportsIndirectInputEvents = YES;
				INFOPLIST_KEY_UILaunchStoryboardName = LaunchScreen;
				INFOPLIST_KEY_UISupportedInterfaceOrientations_iPad = "UIInterfaceOrientationPortrait UIInterfaceOrientationPortraitUpsideDown UIInterfaceOrientationLandscapeLeft UIInterfaceOrientationLandscapeRight";
				INFOPLIST_KEY_UISupportedInterfaceOrientations_iPhone = "UIInterfaceOrientationPortrait UIInterfaceOrientationLandscapeLeft UIInterfaceOrientationLandscapeRight";
				LD_RUNPATH_SEARCH_PATHS = (
					"$(inherited)",
					"@executable_path/Frameworks",
				);
				MARKETING_VERSION = 1.0;
				PRODUCT_BUNDLE_IDENTIFIER = "com.-BaisangurOzdoev.NotesApp";
				PRODUCT_NAME = "$(TARGET_NAME)";
				SWIFT_EMIT_LOC_STRINGS = YES;
				SWIFT_VERSION = 5.0;
				TARGETED_DEVICE_FAMILY = "1,2";
			};
			name = Release;
		};
/* End XCBuildConfiguration section */

/* Begin XCConfigurationList section */
		02DD9AD529851F10004A7C74 /* Build configuration list for PBXProject "NotesApp" */ = {
			isa = XCConfigurationList;
			buildConfigurations = (
				02DD9AEF29851F12004A7C74 /* Debug */,
				02DD9AF029851F12004A7C74 /* Release */,
			);
			defaultConfigurationIsVisible = 0;
			defaultConfigurationName = Release;
		};
		02DD9AF129851F12004A7C74 /* Build configuration list for PBXNativeTarget "NotesApp" */ = {
			isa = XCConfigurationList;
			buildConfigurations = (
				02DD9AF229851F12004A7C74 /* Debug */,
				02DD9AF329851F12004A7C74 /* Release */,
			);
			defaultConfigurationIsVisible = 0;
			defaultConfigurationName = Release;
		};
/* End XCConfigurationList section */

/* Begin XCRemoteSwiftPackageReference section */
		02DD9AF4298523E8004A7C74 /* XCRemoteSwiftPackageReference "SnapKit" */ = {
			isa = XCRemoteSwiftPackageReference;
			repositoryURL = "https://github.com/SnapKit/SnapKit";
			requirement = {
				kind = upToNextMajorVersion;
				minimumVersion = 5.0.0;
			};
		};
/* End XCRemoteSwiftPackageReference section */

/* Begin XCSwiftPackageProductDependency section */
		02DD9AF5298523E8004A7C74 /* SnapKit */ = {
			isa = XCSwiftPackageProductDependency;
			package = 02DD9AF4298523E8004A7C74 /* XCRemoteSwiftPackageReference "SnapKit" */;
			productName = SnapKit;
		};
/* End XCSwiftPackageProductDependency section */

/* Begin XCVersionGroup section */
		02DD9AE629851F10004A7C74 /* NotesApp.xcdatamodeld */ = {
			isa = XCVersionGroup;
			children = (
				02DD9AE729851F10004A7C74 /* NotesApp.xcdatamodel */,
			);
			currentVersion = 02DD9AE729851F10004A7C74 /* NotesApp.xcdatamodel */;
			path = NotesApp.xcdatamodeld;
			sourceTree = "<group>";
			versionGroupType = wrapper.xcdatamodel;
		};
/* End XCVersionGroup section */
	};
	rootObject = 02DD9AD229851F10004A7C74 /* Project object */;
}
